
Microsoft Visual Studio Solution File, Format Version 12.00
# Visual Studio Version 17
VisualStudioVersion = 17.9.34728.123
MinimumVisualStudioVersion = 10.0.40219.1
Project("{FAE04EC0-301F-11D3-BF4B-00C04F79EFBC}") = "Minesweeper", "Minesweeper.csproj", "{A9203F2A-B45F-4A01-B2B4-94D101AB49F9}"
EndProject
Global
	GlobalSection(SolutionConfigurationPlatforms) = preSolution
		Debug|Any CPU = Debug|Any CPU
		Release|Any CPU = Release|Any CPU
	EndGlobalSection
	GlobalSection(ProjectConfigurationPlatforms) = postSolution
		{A9203F2A-B45F-4A01-B2B4-94D101AB49F9}.Debug|Any CPU.ActiveCfg = Debug|Any CPU
		{A9203F2A-B45F-4A01-B2B4-94D101AB49F9}.Debug|Any CPU.Build.0 = Debug|Any CPU
		{A9203F2A-B45F-4A01-B2B4-94D101AB49F9}.Release|Any CPU.ActiveCfg = Release|Any CPU
		{A9203F2A-B45F-4A01-B2B4-94D101AB49F9}.Release|Any CPU.Build.0 = Release|Any CPU
	EndGlobalSection
	GlobalSection(SolutionProperties) = preSolution
		HideSolutionNode = FALSE
	EndGlobalSection
	GlobalSection(ExtensibilityGlobals) = postSolution
		SolutionGuid = {5A64150D-F789-4100-9986-6B63FECB5CEC}
	EndGlobalSection
EndGlobal
